
Microsoft Visual Studio Solution File, Format Version 12.00
# Visual Studio Version 16
VisualStudioVersion = 16.0.33130.400
MinimumVisualStudioVersion = 10.0.40219.1
Project("{FAE04EC0-301F-11D3-BF4B-00C04F79EFBC}") = "ConsoleApp1", "ConsoleApp1\ConsoleApp1.csproj", "{84F79BF4-545C-4D10-BE4B-346BE041B199}"
EndProject
Global
	GlobalSection(SolutionConfigurationPlatforms) = preSolution
		Debug|Any CPU = Debug|Any CPU
		Release|Any CPU = Release|Any CPU
	EndGlobalSection
	GlobalSection(ProjectConfigurationPlatforms) = postSolution
		{84F79BF4-545C-4D10-BE4B-346BE041B199}.Debug|Any CPU.ActiveCfg = Debug|Any CPU
		{84F79BF4-545C-4D10-BE4B-346BE041B199}.Debug|Any CPU.Build.0 = Debug|Any CPU
		{84F79BF4-545C-4D10-BE4B-346BE041B199}.Release|Any CPU.ActiveCfg = Release|Any CPU
		{84F79BF4-545C-4D10-BE4B-346BE041B199}.Release|Any CPU.Build.0 = Release|Any CPU
	EndGlobalSection
	GlobalSection(SolutionProperties) = preSolution
		HideSolutionNode = FALSE
	EndGlobalSection
	GlobalSection(ExtensibilityGlobals) = postSolution
		SolutionGuid = {48421AF0-F2CA-4CCD-B6A9-D56DC82BB874}
	EndGlobalSection
EndGlobal
